
Microsoft Visual Studio Solution File, Format Version 12.00
# Visual Studio Version 17
VisualStudioVersion = 17.11.35327.3
MinimumVisualStudioVersion = 10.0.40219.1
Project("{FAE04EC0-301F-11D3-BF4B-00C04F79EFBC}") = "FibonacciSequenceGenerator", "FibonacciSequenceGenerator\FibonacciSequenceGenerator.csproj", "{EFC0CFE1-C8B3-4E96-A699-4C5447100642}"
EndProject
Project("{FAE04EC0-301F-11D3-BF4B-00C04F79EFBC}") = "Common", "Common\Common.csproj", "{E34FF7D3-DF05-4B8F-ACE8-F15CA6E8EEE0}"
EndProject
Global
	GlobalSection(SolutionConfigurationPlatforms) = preSolution
		Debug|Any CPU = Debug|Any CPU
		Release|Any CPU = Release|Any CPU
	EndGlobalSection
	GlobalSection(ProjectConfigurationPlatforms) = postSolution
		{EFC0CFE1-C8B3-4E96-A699-4C5447100642}.Debug|Any CPU.ActiveCfg = Debug|Any CPU
		{EFC0CFE1-C8B3-4E96-A699-4C5447100642}.Debug|Any CPU.Build.0 = Debug|Any CPU
		{EFC0CFE1-C8B3-4E96-A699-4C5447100642}.Release|Any CPU.ActiveCfg = Release|Any CPU
		{EFC0CFE1-C8B3-4E96-A699-4C5447100642}.Release|Any CPU.Build.0 = Release|Any CPU
		{E34FF7D3-DF05-4B8F-ACE8-F15CA6E8EEE0}.Debug|Any CPU.ActiveCfg = Debug|Any CPU
		{E34FF7D3-DF05-4B8F-ACE8-F15CA6E8EEE0}.Debug|Any CPU.Build.0 = Debug|Any CPU
		{E34FF7D3-DF05-4B8F-ACE8-F15CA6E8EEE0}.Release|Any CPU.ActiveCfg = Release|Any CPU
		{E34FF7D3-DF05-4B8F-ACE8-F15CA6E8EEE0}.Release|Any CPU.Build.0 = Release|Any CPU
	EndGlobalSection
	GlobalSection(SolutionProperties) = preSolution
		HideSolutionNode = FALSE
	EndGlobalSection
	GlobalSection(ExtensibilityGlobals) = postSolution
		SolutionGuid = {66B78A08-D90C-44E1-BA18-97F2EC34DFAC}
	EndGlobalSection
EndGlobal
